
Microsoft Visual Studio Solution File, Format Version 12.00
# Visual Studio 15
Project("{FAE04EC0-301F-11D3-BF4B-00C04F79EFBC}") = "Assembly-CSharp", "Assembly-CSharp.csproj", "{17341DD9-4BEE-4372-CF1A-67059CBB9D27}"
EndProject
Project("{FAE04EC0-301F-11D3-BF4B-00C04F79EFBC}") = "Assembly-CSharp-Editor", "Assembly-CSharp-Editor.csproj", "{D5F8ED6A-E744-6B1F-0FA5-A11A2E334E69}"
EndProject
Global
	GlobalSection(SolutionConfigurationPlatforms) = preSolution
		Debug|Any CPU = Debug|Any CPU
		Release|Any CPU = Release|Any CPU
	EndGlobalSection
	GlobalSection(ProjectConfigurationPlatforms) = postSolution
		{17341DD9-4BEE-4372-CF1A-67059CBB9D27}.Debug|Any CPU.ActiveCfg = Debug|Any CPU
		{17341DD9-4BEE-4372-CF1A-67059CBB9D27}.Debug|Any CPU.Build.0 = Debug|Any CPU
		{17341DD9-4BEE-4372-CF1A-67059CBB9D27}.Release|Any CPU.ActiveCfg = Release|Any CPU
		{17341DD9-4BEE-4372-CF1A-67059CBB9D27}.Release|Any CPU.Build.0 = Release|Any CPU
		{D5F8ED6A-E744-6B1F-0FA5-A11A2E334E69}.Debug|Any CPU.ActiveCfg = Debug|Any CPU
		{D5F8ED6A-E744-6B1F-0FA5-A11A2E334E69}.Debug|Any CPU.Build.0 = Debug|Any CPU
		{D5F8ED6A-E744-6B1F-0FA5-A11A2E334E69}.Release|Any CPU.ActiveCfg = Release|Any CPU
		{D5F8ED6A-E744-6B1F-0FA5-A11A2E334E69}.Release|Any CPU.Build.0 = Release|Any CPU
	EndGlobalSection
	GlobalSection(SolutionProperties) = preSolution
		HideSolutionNode = FALSE
	EndGlobalSection
EndGlobal
